
Microsoft Visual Studio Solution File, Format Version 12.00
# Visual Studio Version 16
VisualStudioVersion = 16.0.32002.261
MinimumVisualStudioVersion = 10.0.40219.1
Project("{FAE04EC0-301F-11D3-BF4B-00C04F79EFBC}") = "NUnit_Test", "NUnit_Test.csproj", "{858F1E88-0AC2-44A9-B8B4-109A248E324E}"
EndProject
Global
	GlobalSection(SolutionConfigurationPlatforms) = preSolution
		Debug|Any CPU = Debug|Any CPU
		Release|Any CPU = Release|Any CPU
	EndGlobalSection
	GlobalSection(ProjectConfigurationPlatforms) = postSolution
		{858F1E88-0AC2-44A9-B8B4-109A248E324E}.Debug|Any CPU.ActiveCfg = Debug|Any CPU
		{858F1E88-0AC2-44A9-B8B4-109A248E324E}.Debug|Any CPU.Build.0 = Debug|Any CPU
		{858F1E88-0AC2-44A9-B8B4-109A248E324E}.Release|Any CPU.ActiveCfg = Release|Any CPU
		{858F1E88-0AC2-44A9-B8B4-109A248E324E}.Release|Any CPU.Build.0 = Release|Any CPU
	EndGlobalSection
	GlobalSection(SolutionProperties) = preSolution
		HideSolutionNode = FALSE
	EndGlobalSection
	GlobalSection(ExtensibilityGlobals) = postSolution
		SolutionGuid = {C19CDCE2-6370-49C5-B2A9-3B346E3A07D1}
	EndGlobalSection
EndGlobal
